// !$*UTF8*$!
{
	archiveVersion = 1;
	classes = {
	};
	objectVersion = 50;
	objects = {

/* Begin PBXBuildFile section */
		BA99D1FB2180CA35006C137B /* AppDelegate.swift in Sources */ = {isa = PBXBuildFile; fileRef = BA99D1FA2180CA35006C137B /* AppDelegate.swift */; };
		BA99D1FD2180CA35006C137B /* FirstViewController.swift in Sources */ = {isa = PBXBuildFile; fileRef = BA99D1FC2180CA35006C137B /* FirstViewController.swift */; };
		BA99D1FF2180CA35006C137B /* SecondViewController.swift in Sources */ = {isa = PBXBuildFile; fileRef = BA99D1FE2180CA35006C137B /* SecondViewController.swift */; };
		BA99D2022180CA35006C137B /* Main.storyboard in Resources */ = {isa = PBXBuildFile; fileRef = BA99D2002180CA35006C137B /* Main.storyboard */; };
		BA99D2042180CA36006C137B /* Assets.xcassets in Resources */ = {isa = PBXBuildFile; fileRef = BA99D2032180CA36006C137B /* Assets.xcassets */; };
		BA99D2072180CA36006C137B /* LaunchScreen.storyboard in Resources */ = {isa = PBXBuildFile; fileRef = BA99D2052180CA36006C137B /* LaunchScreen.storyboard */; };
		BA99D20F2180D044006C137B /* ThirdViewController.swift in Sources */ = {isa = PBXBuildFile; fileRef = BA99D20E2180D044006C137B /* ThirdViewController.swift */; };
		BA99D2112180D774006C137B /* AnswerViewController.swift in Sources */ = {isa = PBXBuildFile; fileRef = BA99D2102180D774006C137B /* AnswerViewController.swift */; };
		BAB0551521812BF50068D010 /* Knock2ViewController.swift in Sources */ = {isa = PBXBuildFile; fileRef = BAB0551421812BF50068D010 /* Knock2ViewController.swift */; };
		BAB0551721812CAF0068D010 /* Knock3ViewController.swift in Sources */ = {isa = PBXBuildFile; fileRef = BAB0551621812CAF0068D010 /* Knock3ViewController.swift */; };
		BAB0551921812DB60068D010 /* Knock4ViewController.swift in Sources */ = {isa = PBXBuildFile; fileRef = BAB0551821812DB60068D010 /* Knock4ViewController.swift */; };
		BAB0551B21812DC20068D010 /* Knock5ViewController.swift in Sources */ = {isa = PBXBuildFile; fileRef = BAB0551A21812DC20068D010 /* Knock5ViewController.swift */; };
		BAB0551D218137680068D010 /* 449.jpg in Resources */ = {isa = PBXBuildFile; fileRef = BAB0551C218137680068D010 /* 449.jpg */; };
/* End PBXBuildFile section */

/* Begin PBXFileReference section */
		BA99D1F72180CA35006C137B /* iKid.app */ = {isa = PBXFileReference; explicitFileType = wrapper.application; includeInIndex = 0; path = iKid.app; sourceTree = BUILT_PRODUCTS_DIR; };
		BA99D1FA2180CA35006C137B /* AppDelegate.swift */ = {isa = PBXFileReference; lastKnownFileType = sourcecode.swift; path = AppDelegate.swift; sourceTree = "<group>"; };
		BA99D1FC2180CA35006C137B /* FirstViewController.swift */ = {isa = PBXFileReference; lastKnownFileType = sourcecode.swift; path = FirstViewController.swift; sourceTree = "<group>"; };
		BA99D1FE2180CA35006C137B /* SecondViewController.swift */ = {isa = PBXFileReference; lastKnownFileType = sourcecode.swift; path = SecondViewController.swift; sourceTree = "<group>"; };
		BA99D2012180CA35006C137B /* Base */ = {isa = PBXFileReference; lastKnownFileType = file.storyboard; name = Base; path = Base.lproj/Main.storyboard; sourceTree = "<group>"; };
		BA99D2032180CA36006C137B /* Assets.xcassets */ = {isa = PBXFileReference; lastKnownFileType = folder.assetcatalog; path = Assets.xcassets; sourceTree = "<group>"; };
		BA99D2062180CA36006C137B /* Base */ = {isa = PBXFileReference; lastKnownFileType = file.storyboard; name = Base; path = Base.lproj/LaunchScreen.storyboard; sourceTree = "<group>"; };
		BA99D2082180CA36006C137B /* Info.plist */ = {isa = PBXFileReference; lastKnownFileType = text.plist.xml; path = Info.plist; sourceTree = "<group>"; };
		BA99D20E2180D044006C137B /* ThirdViewController.swift */ = {isa = PBXFileReference; lastKnownFileType = sourcecode.swift; path = ThirdViewController.swift; sourceTree = "<group>"; };
		BA99D2102180D774006C137B /* AnswerViewController.swift */ = {isa = PBXFileReference; lastKnownFileType = sourcecode.swift; path = AnswerViewController.swift; sourceTree = "<group>"; };
		BAB0551421812BF50068D010 /* Knock2ViewController.swift */ = {isa = PBXFileReference; lastKnownFileType = sourcecode.swift; path = Knock2ViewController.swift; sourceTree = "<group>"; };
		BAB0551621812CAF0068D010 /* Knock3ViewController.swift */ = {isa = PBXFileReference; lastKnownFileType = sourcecode.swift; path = Knock3ViewController.swift; sourceTree = "<group>"; };
		BAB0551821812DB60068D010 /* Knock4ViewController.swift */ = {isa = PBXFileReference; lastKnownFileType = sourcecode.swift; path = Knock4ViewController.swift; sourceTree = "<group>"; };
		BAB0551A21812DC20068D010 /* Knock5ViewController.swift */ = {isa = PBXFileReference; lastKnownFileType = sourcecode.swift; path = Knock5ViewController.swift; sourceTree = "<group>"; };
		BAB0551C218137680068D010 /* 449.jpg */ = {isa = PBXFileReference; lastKnownFileType = image.jpeg; path = 449.jpg; sourceTree = "<group>"; };
/* End PBXFileReference section */

/* Begin PBXFrameworksBuildPhase section */
		BA99D1F42180CA35006C137B /* Frameworks */ = {
			isa = PBXFrameworksBuildPhase;
			buildActionMask = 2147483647;
			files = (
			);
			runOnlyForDeploymentPostprocessing = 0;
		};
/* End PBXFrameworksBuildPhase section */

/* Begin PBXGroup section */
		BA99D1EE2180CA35006C137B = {
			isa = PBXGroup;
			children = (
				BA99D1F92180CA35006C137B /* iKid */,
				BA99D1F82180CA35006C137B /* Products */,
			);
			sourceTree = "<group>";
		};
		BA99D1F82180CA35006C137B /* Products */ = {
			isa = PBXGroup;
			children = (
				BA99D1F72180CA35006C137B /* iKid.app */,
			);
			name = Products;
			sourceTree = "<group>";
		};
		BA99D1F92180CA35006C137B /* iKid */ = {
			isa = PBXGroup;
			children = (
				BA99D1FA2180CA35006C137B /* AppDelegate.swift */,
				BA99D1FC2180CA35006C137B /* FirstViewController.swift */,
				BA99D1FE2180CA35006C137B /* SecondViewController.swift */,
				BA99D20E2180D044006C137B /* ThirdViewController.swift */,
				BA99D2102180D774006C137B /* AnswerViewController.swift */,
				BA99D2002180CA35006C137B /* Main.storyboard */,
				BA99D2032180CA36006C137B /* Assets.xcassets */,
				BA99D2052180CA36006C137B /* LaunchScreen.storyboard */,
				BA99D2082180CA36006C137B /* Info.plist */,
				BAB0551421812BF50068D010 /* Knock2ViewController.swift */,
				BAB0551621812CAF0068D010 /* Knock3ViewController.swift */,
				BAB0551C218137680068D010 /* 449.jpg */,
				BAB0551821812DB60068D010 /* Knock4ViewController.swift */,
				BAB0551A21812DC20068D010 /* Knock5ViewController.swift */,
			);
			path = iKid;
			sourceTree = "<group>";
		};
/* End PBXGroup section */

/* Begin PBXNativeTarget section */
		BA99D1F62180CA35006C137B /* iKid */ = {
			isa = PBXNativeTarget;
			buildConfigurationList = BA99D20B2180CA36006C137B /* Build configuration list for PBXNativeTarget "iKid" */;
			buildPhases = (
				BA99D1F32180CA35006C137B /* Sources */,
				BA99D1F42180CA35006C137B /* Frameworks */,
				BA99D1F52180CA35006C137B /* Resources */,
			);
			buildRules = (
			);
			dependencies = (
			);
			name = iKid;
			productName = iKid;
			productReference = BA99D1F72180CA35006C137B /* iKid.app */;
			productType = "com.apple.product-type.application";
		};
/* End PBXNativeTarget section */

/* Begin PBXProject section */
		BA99D1EF2180CA35006C137B /* Project object */ = {
			isa = PBXProject;
			attributes = {
				LastSwiftUpdateCheck = 1000;
				LastUpgradeCheck = 1000;
				ORGANIZATIONNAME = "Nicholas Olds";
				TargetAttributes = {
					BA99D1F62180CA35006C137B = {
						CreatedOnToolsVersion = 10.0;
					};
				};
			};
			buildConfigurationList = BA99D1F22180CA35006C137B /* Build configuration list for PBXProject "iKid" */;
			compatibilityVersion = "Xcode 9.3";
			developmentRegion = en;
			hasScannedForEncodings = 0;
			knownRegions = (
				en,
				Base,
			);
			mainGroup = BA99D1EE2180CA35006C137B;
			productRefGroup = BA99D1F82180CA35006C137B /* Products */;
			projectDirPath = "";
			projectRoot = "";
			targets = (
				BA99D1F62180CA35006C137B /* iKid */,
			);
		};
/* End PBXProject section */

/* Begin PBXResourcesBuildPhase section */
		BA99D1F52180CA35006C137B /* Resources */ = {
			isa = PBXResourcesBuildPhase;
			buildActionMask = 2147483647;
			files = (
				BA99D2072180CA36006C137B /* LaunchScreen.storyboard in Resources */,
				BA99D2042180CA36006C137B /* Assets.xcassets in Resources */,
				BA99D2022180CA35006C137B /* Main.storyboard in Resources */,
				BAB0551D218137680068D010 /* 449.jpg in Resources */,
			);
			runOnlyForDeploymentPostprocessing = 0;
		};
/* End PBXResourcesBuildPhase section */

/* Begin PBXSourcesBuildPhase section */
		BA99D1F32180CA35006C137B /* Sources */ = {
			isa = PBXSourcesBuildPhase;
			buildActionMask = 2147483647;
			files = (
				BA99D1FF2180CA35006C137B /* SecondViewController.swift in Sources */,
				BAB0551721812CAF0068D010 /* Knock3ViewController.swift in Sources */,
				BA99D1FB2180CA35006C137B /* AppDelegate.swift in Sources */,
				BAB0551B21812DC20068D010 /* Knock5ViewController.swift in Sources */,
				BA99D2112180D774006C137B /* AnswerViewController.swift in Sources */,
				BA99D20F2180D044006C137B /* ThirdViewController.swift in Sources */,
				BAB0551521812BF50068D010 /* Knock2ViewController.swift in Sources */,
				BAB0551921812DB60068D010 /* Knock4ViewController.swift in Sources */,
				BA99D1FD2180CA35006C137B /* FirstViewController.swift in Sources */,
			);
			runOnlyForDeploymentPostprocessing = 0;
		};
/* End PBXSourcesBuildPhase section */

/* Begin PBXVariantGroup section */
		BA99D2002180CA35006C137B /* Main.storyboard */ = {
			isa = PBXVariantGroup;
			children = (
				BA99D2012180CA35006C137B /* Base */,
			);
			name = Main.storyboard;
			sourceTree = "<group>";
		};
		BA99D2052180CA36006C137B /* LaunchScreen.storyboard */ = {
			isa = PBXVariantGroup;
			children = (
				BA99D2062180CA36006C137B /* Base */,
			);
			name = LaunchScreen.storyboard;
			sourceTree = "<group>";
		};
/* End PBXVariantGroup section */

/* Begin XCBuildConfiguration section */
		BA99D2092180CA36006C137B /* Debug */ = {
			isa = XCBuildConfiguration;
			buildSettings = {
				ALWAYS_SEARCH_USER_PATHS = NO;
				CLANG_ANALYZER_NONNULL = YES;
				CLANG_ANALYZER_NUMBER_OBJECT_CONVERSION = YES_AGGRESSIVE;
				CLANG_CXX_LANGUAGE_STANDARD = "gnu++14";
				CLANG_CXX_LIBRARY = "libc++";
				CLANG_ENABLE_MODULES = YES;
				CLANG_ENABLE_OBJC_ARC = YES;
				CLANG_ENABLE_OBJC_WEAK = YES;
				CLANG_WARN_BLOCK_CAPTURE_AUTORELEASING = YES;
				CLANG_WARN_BOOL_CONVERSION = YES;
				CLANG_WARN_COMMA = YES;
				CLANG_WARN_CONSTANT_CONVERSION = YES;
				CLANG_WARN_DEPRECATED_OBJC_IMPLEMENTATIONS = YES;
				CLANG_WARN_DIRECT_OBJC_ISA_USAGE = YES_ERROR;
				CLANG_WARN_DOCUMENTATION_COMMENTS = YES;
				CLANG_WARN_EMPTY_BODY = YES;
				CLANG_WARN_ENUM_CONVERSION = YES;
				CLANG_WARN_INFINITE_RECURSION = YES;
				CLANG_WARN_INT_CONVERSION = YES;
				CLANG_WARN_NON_LITERAL_NULL_CONVERSION = YES;
				CLANG_WARN_OBJC_IMPLICIT_RETAIN_SELF = YES;
				CLANG_WARN_OBJC_LITERAL_CONVERSION = YES;
				CLANG_WARN_OBJC_ROOT_CLASS = YES_ERROR;
				CLANG_WARN_RANGE_LOOP_ANALYSIS = YES;
				CLANG_WARN_STRICT_PROTOTYPES = YES;
				CLANG_WARN_SUSPICIOUS_MOVE = YES;
				CLANG_WARN_UNGUARDED_AVAILABILITY = YES_AGGRESSIVE;
				CLANG_WARN_UNREACHABLE_CODE = YES;
				CLANG_WARN__DUPLICATE_METHOD_MATCH = YES;
				CODE_SIGN_IDENTITY = "iPhone Developer";
				COPY_PHASE_STRIP = NO;
				DEBUG_INFORMATION_FORMAT = dwarf;
				ENABLE_STRICT_OBJC_MSGSEND = YES;
				ENABLE_TESTABILITY = YES;
				GCC_C_LANGUAGE_STANDARD = gnu11;
				GCC_DYNAMIC_NO_PIC = NO;
				GCC_NO_COMMON_BLOCKS = YES;
				GCC_OPTIMIZATION_LEVEL = 0;
				GCC_PREPROCESSOR_DEFINITIONS = (
					"DEBUG=1",
					"$(inherited)",
				);
				GCC_WARN_64_TO_32_BIT_CONVERSION = YES;
				GCC_WARN_ABOUT_RETURN_TYPE = YES_ERROR;
				GCC_WARN_UNDECLARED_SELECTOR = YES;
				GCC_WARN_UNINITIALIZED_AUTOS = YES_AGGRESSIVE;
				GCC_WARN_UNUSED_FUNCTION = YES;
				GCC_WARN_UNUSED_VARIABLE = YES;
				IPHONEOS_DEPLOYMENT_TARGET = 12.0;
				MTL_ENABLE_DEBUG_INFO = INCLUDE_SOURCE;
				MTL_FAST_MATH = YES;
				ONLY_ACTIVE_ARCH = YES;
				SDKROOT = iphoneos;
				SWIFT_ACTIVE_COMPILATION_CONDITIONS = DEBUG;
				SWIFT_OPTIMIZATION_LEVEL = "-Onone";
			};
			name = Debug;
		};
		BA99D20A2180CA36006C137B /* Release */ = {
			isa = XCBuildConfiguration;
			buildSettings = {
				ALWAYS_SEARCH_USER_PATHS = NO;
				CLANG_ANALYZER_NONNULL = YES;
				CLANG_ANALYZER_NUMBER_OBJECT_CONVERSION = YES_AGGRESSIVE;
				CLANG_CXX_LANGUAGE_STANDARD = "gnu++14";
				CLANG_CXX_LIBRARY = "libc++";
				CLANG_ENABLE_MODULES = YES;
				CLANG_ENABLE_OBJC_ARC = YES;
				CLANG_ENABLE_OBJC_WEAK = YES;
				CLANG_WARN_BLOCK_CAPTURE_AUTORELEASING = YES;
				CLANG_WARN_BOOL_CONVERSION = YES;
				CLANG_WARN_COMMA = YES;
				CLANG_WARN_CONSTANT_CONVERSION = YES;
				CLANG_WARN_DEPRECATED_OBJC_IMPLEMENTATIONS = YES;
				CLANG_WARN_DIRECT_OBJC_ISA_USAGE = YES_ERROR;
				CLANG_WARN_DOCUMENTATION_COMMENTS = YES;
				CLANG_WARN_EMPTY_BODY = YES;
				CLANG_WARN_ENUM_CONVERSION = YES;
				CLANG_WARN_INFINITE_RECURSION = YES;
				CLANG_WARN_INT_CONVERSION = YES;
				CLANG_WARN_NON_LITERAL_NULL_CONVERSION = YES;
				CLANG_WARN_OBJC_IMPLICIT_RETAIN_SELF = YES;
				CLANG_WARN_OBJC_LITERAL_CONVERSION = YES;
				CLANG_WARN_OBJC_ROOT_CLASS = YES_ERROR;
				CLANG_WARN_RANGE_LOOP_ANALYSIS = YES;
				CLANG_WARN_STRICT_PROTOTYPES = YES;
				CLANG_WARN_SUSPICIOUS_MOVE = YES;
				CLANG_WARN_UNGUARDED_AVAILABILITY = YES_AGGRESSIVE;
				CLANG_WARN_UNREACHABLE_CODE = YES;
				CLANG_WARN__DUPLICATE_METHOD_MATCH = YES;
				CODE_SIGN_IDENTITY = "iPhone Developer";
				COPY_PHASE_STRIP = NO;
				DEBUG_INFORMATION_FORMAT = "dwarf-with-dsym";
				ENABLE_NS_ASSERTIONS = NO;
				ENABLE_STRICT_OBJC_MSGSEND = YES;
				GCC_C_LANGUAGE_STANDARD = gnu11;
				GCC_NO_COMMON_BLOCKS = YES;
				GCC_WARN_64_TO_32_BIT_CONVERSION = YES;
				GCC_WARN_ABOUT_RETURN_TYPE = YES_ERROR;
				GCC_WARN_UNDECLARED_SELECTOR = YES;
				GCC_WARN_UNINITIALIZED_AUTOS = YES_AGGRESSIVE;
				GCC_WARN_UNUSED_FUNCTION = YES;
				GCC_WARN_UNUSED_VARIABLE = YES;
				IPHONEOS_DEPLOYMENT_TARGET = 12.0;
				MTL_ENABLE_DEBUG_INFO = NO;
				MTL_FAST_MATH = YES;
				SDKROOT = iphoneos;
				SWIFT_COMPILATION_MODE = wholemodule;
				SWIFT_OPTIMIZATION_LEVEL = "-O";
				VALIDATE_PRODUCT = YES;
			};
			name = Release;
		};
		BA99D20C2180CA36006C137B /* Debug */ = {
			isa = XCBuildConfiguration;
			buildSettings = {
				ASSETCATALOG_COMPILER_APPICON_NAME = AppIcon;
				CODE_SIGN_STYLE = Automatic;
				DEVELOPMENT_TEAM = JKMDW69Q4F;
				INFOPLIST_FILE = iKid/Info.plist;
				LD_RUNPATH_SEARCH_PATHS = (
					"$(inherited)",
					"@executable_path/Frameworks",
				);
				PRODUCT_BUNDLE_IDENTIFIER = oldsn.edu.uw.ischool.iKid;
				PRODUCT_NAME = "$(TARGET_NAME)";
				SWIFT_VERSION = 4.2;
				TARGETED_DEVICE_FAMILY = "1,2";
			};
			name = Debug;
		};
		BA99D20D2180CA36006C137B /* Release */ = {
			isa = XCBuildConfiguration;
			buildSettings = {
				ASSETCATALOG_COMPILER_APPICON_NAME = AppIcon;
				CODE_SIGN_STYLE = Automatic;
				DEVELOPMENT_TEAM = JKMDW69Q4F;
				INFOPLIST_FILE = iKid/Info.plist;
				LD_RUNPATH_SEARCH_PATHS = (
					"$(inherited)",
					"@executable_path/Frameworks",
				);
				PRODUCT_BUNDLE_IDENTIFIER = oldsn.edu.uw.ischool.iKid;
				PRODUCT_NAME = "$(TARGET_NAME)";
				SWIFT_VERSION = 4.2;
				TARGETED_DEVICE_FAMILY = "1,2";
			};
			name = Release;
		};
/* End XCBuildConfiguration section */

/* Begin XCConfigurationList section */
		BA99D1F22180CA35006C137B /* Build configuration list for PBXProject "iKid" */ = {
			isa = XCConfigurationList;
			buildConfigurations = (
				BA99D2092180CA36006C137B /* Debug */,
				BA99D20A2180CA36006C137B /* Release */,
			);
			defaultConfigurationIsVisible = 0;
			defaultConfigurationName = Release;
		};
		BA99D20B2180CA36006C137B /* Build configuration list for PBXNativeTarget "iKid" */ = {
			isa = XCConfigurationList;
			buildConfigurations = (
				BA99D20C2180CA36006C137B /* Debug */,
				BA99D20D2180CA36006C137B /* Release */,
			);
			defaultConfigurationIsVisible = 0;
			defaultConfigurationName = Release;
		};
/* End XCConfigurationList section */
	};
	rootObject = BA99D1EF2180CA35006C137B /* Project object */;
}
